
Microsoft Visual Studio Solution File, Format Version 12.00
# Visual Studio 15
Project("{FAE04EC0-301F-11D3-BF4B-00C04F79EFBC}") = "WebClientCore", "WebClientCore.csproj", "{4C968490-9E1B-45C7-A0AE-C082A9BAE646}"
EndProject
Global
	GlobalSection(SolutionConfigurationPlatforms) = preSolution
		Debug|Any CPU = Debug|Any CPU
		Release|Any CPU = Release|Any CPU
	EndGlobalSection
	GlobalSection(ProjectConfigurationPlatforms) = postSolution
		{4C968490-9E1B-45C7-A0AE-C082A9BAE646}.Debug|Any CPU.ActiveCfg = Debug|Any CPU
		{4C968490-9E1B-45C7-A0AE-C082A9BAE646}.Debug|Any CPU.Build.0 = Debug|Any CPU
		{4C968490-9E1B-45C7-A0AE-C082A9BAE646}.Release|Any CPU.ActiveCfg = Release|Any CPU
		{4C968490-9E1B-45C7-A0AE-C082A9BAE646}.Release|Any CPU.Build.0 = Release|Any CPU
	EndGlobalSection
EndGlobal
